Microsoft Visual Studio Solution File, Format Version 12.00
# Visual Studio 2012
Project("{FAE04EC0-301F-11D3-BF4B-00C04F79EFBC}") = "Zonengenerator_Prototyp", "Zonengenerator_Prototyp.csproj", "{D298B1DF-7893-42C7-AAD6-AAC04C27AFA4}"
EndProject
Global
	GlobalSection(SolutionConfigurationPlatforms) = preSolution
	Debug|Any CPU = Debug|Any CPU
	ExportDebug|Any CPU = ExportDebug|Any CPU
	ExportRelease|Any CPU = ExportRelease|Any CPU
	EndGlobalSection
	GlobalSection(ProjectConfigurationPlatforms) = postSolution
		{D298B1DF-7893-42C7-AAD6-AAC04C27AFA4}.Debug|Any CPU.ActiveCfg = Debug|Any CPU
		{D298B1DF-7893-42C7-AAD6-AAC04C27AFA4}.Debug|Any CPU.Build.0 = Debug|Any CPU
		{D298B1DF-7893-42C7-AAD6-AAC04C27AFA4}.ExportDebug|Any CPU.ActiveCfg = ExportDebug|Any CPU
		{D298B1DF-7893-42C7-AAD6-AAC04C27AFA4}.ExportDebug|Any CPU.Build.0 = ExportDebug|Any CPU
		{D298B1DF-7893-42C7-AAD6-AAC04C27AFA4}.ExportRelease|Any CPU.ActiveCfg = ExportRelease|Any CPU
		{D298B1DF-7893-42C7-AAD6-AAC04C27AFA4}.ExportRelease|Any CPU.Build.0 = ExportRelease|Any CPU
	EndGlobalSection
EndGlobal
